// !$*UTF8*$!
{
	archiveVersion = 1;
	classes = {
	};
	objectVersion = 51;
	objects = {

/* Begin PBXBuildFile section */
		3DF183C047E7595B3243D52B /* Pods_RestaurantRouletteTests.framework in Frameworks */ = {isa = PBXBuildFile; fileRef = 086EA65FC97C6F572CB974C9 /* Pods_RestaurantRouletteTests.framework */; };
		491B9C1B26A0EF9F00F5AACC /* CategoryCell.m in Sources */ = {isa = PBXBuildFile; fileRef = 491B9C1A26A0EF9F00F5AACC /* CategoryCell.m */; };
		4950BF25269CA355004FA5CA /* AppDelegate.m in Sources */ = {isa = PBXBuildFile; fileRef = 4950BF24269CA355004FA5CA /* AppDelegate.m */; };
		4950BF28269CA355004FA5CA /* SceneDelegate.m in Sources */ = {isa = PBXBuildFile; fileRef = 4950BF27269CA355004FA5CA /* SceneDelegate.m */; };
		4950BF2E269CA355004FA5CA /* Main.storyboard in Resources */ = {isa = PBXBuildFile; fileRef = 4950BF2C269CA355004FA5CA /* Main.storyboard */; };
		4950BF30269CA356004FA5CA /* Assets.xcassets in Resources */ = {isa = PBXBuildFile; fileRef = 4950BF2F269CA356004FA5CA /* Assets.xcassets */; };
		4950BF33269CA356004FA5CA /* LaunchScreen.storyboard in Resources */ = {isa = PBXBuildFile; fileRef = 4950BF31269CA356004FA5CA /* LaunchScreen.storyboard */; };
		4950BF36269CA356004FA5CA /* main.m in Sources */ = {isa = PBXBuildFile; fileRef = 4950BF35269CA356004FA5CA /* main.m */; };
		4950BF40269CA356004FA5CA /* RestaurantRouletteTests.m in Sources */ = {isa = PBXBuildFile; fileRef = 4950BF3F269CA356004FA5CA /* RestaurantRouletteTests.m */; };
		4950BF4B269CA356004FA5CA /* RestaurantRouletteUITests.m in Sources */ = {isa = PBXBuildFile; fileRef = 4950BF4A269CA356004FA5CA /* RestaurantRouletteUITests.m */; };
		4950BF5C269CBE05004FA5CA /* LoginViewController.m in Sources */ = {isa = PBXBuildFile; fileRef = 4950BF5B269CBE05004FA5CA /* LoginViewController.m */; };
		4950BF5F269CBE2B004FA5CA /* SignupViewController.m in Sources */ = {isa = PBXBuildFile; fileRef = 4950BF5E269CBE2B004FA5CA /* SignupViewController.m */; };
		4950BF62269DF9A8004FA5CA /* SelectViewController.m in Sources */ = {isa = PBXBuildFile; fileRef = 4950BF61269DF9A8004FA5CA /* SelectViewController.m */; };
		4950BF65269DFA7A004FA5CA /* PreferencesViewController.m in Sources */ = {isa = PBXBuildFile; fileRef = 4950BF64269DFA7A004FA5CA /* PreferencesViewController.m */; };
		4950BF68269E1557004FA5CA /* RestaurantsViewController.m in Sources */ = {isa = PBXBuildFile; fileRef = 4950BF67269E1557004FA5CA /* RestaurantsViewController.m */; };
		4950BF6C269E86D1004FA5CA /* RestaurantCell.m in Sources */ = {isa = PBXBuildFile; fileRef = 4950BF6B269E86D1004FA5CA /* RestaurantCell.m */; };
		4950BF6F269E89C7004FA5CA /* APIManager.m in Sources */ = {isa = PBXBuildFile; fileRef = 4950BF6E269E89C7004FA5CA /* APIManager.m */; };
		496EBD0526A54265008AFA5E /* DetailsViewController.m in Sources */ = {isa = PBXBuildFile; fileRef = 496EBD0426A54265008AFA5E /* DetailsViewController.m */; };
		496EBD0826A5461B008AFA5E /* SpinnerViewController.m in Sources */ = {isa = PBXBuildFile; fileRef = 496EBD0726A5461B008AFA5E /* SpinnerViewController.m */; };
		85FA26B000B045D7D43A2262 /* Pods_RestaurantRoulette.framework in Frameworks */ = {isa = PBXBuildFile; fileRef = A4EF7BD6007BE349F17C765D /* Pods_RestaurantRoulette.framework */; };
		FC2CB2D18EE1220F1BD12E1B /* Pods_RestaurantRoulette_RestaurantRouletteUITests.framework in Frameworks */ = {isa = PBXBuildFile; fileRef = 0214CFAD7EF3BE1DE8A7B98E /* Pods_RestaurantRoulette_RestaurantRouletteUITests.framework */; };
/* End PBXBuildFile section */

/* Begin PBXContainerItemProxy section */
		4950BF3C269CA356004FA5CA /* PBXContainerItemProxy */ = {
			isa = PBXContainerItemProxy;
			containerPortal = 4950BF18269CA355004FA5CA /* Project object */;
			proxyType = 1;
			remoteGlobalIDString = 4950BF1F269CA355004FA5CA;
			remoteInfo = RestaurantRoulette;
		};
		4950BF47269CA356004FA5CA /* PBXContainerItemProxy */ = {
			isa = PBXContainerItemProxy;
			containerPortal = 4950BF18269CA355004FA5CA /* Project object */;
			proxyType = 1;
			remoteGlobalIDString = 4950BF1F269CA355004FA5CA;
			remoteInfo = RestaurantRoulette;
		};
/* End PBXContainerItemProxy section */

/* Begin PBXFileReference section */
		0214CFAD7EF3BE1DE8A7B98E /* Pods_RestaurantRoulette_RestaurantRouletteUITests.framework */ = {isa = PBXFileReference; explicitFileType = wrapper.framework; includeInIndex = 0; path = Pods_RestaurantRoulette_RestaurantRouletteUITests.framework; sourceTree = BUILT_PRODUCTS_DIR; };
		086EA65FC97C6F572CB974C9 /* Pods_RestaurantRouletteTests.framework */ = {isa = PBXFileReference; explicitFileType = wrapper.framework; includeInIndex = 0; path = Pods_RestaurantRouletteTests.framework; sourceTree = BUILT_PRODUCTS_DIR; };
		33369BAACC2943A321D8601B /* Pods-RestaurantRouletteTests.debug.xcconfig */ = {isa = PBXFileReference; includeInIndex = 1; lastKnownFileType = text.xcconfig; name = "Pods-RestaurantRouletteTests.debug.xcconfig"; path = "Target Support Files/Pods-RestaurantRouletteTests/Pods-RestaurantRouletteTests.debug.xcconfig"; sourceTree = "<group>"; };
		491B9C1926A0EF9F00F5AACC /* CategoryCell.h */ = {isa = PBXFileReference; lastKnownFileType = sourcecode.c.h; path = CategoryCell.h; sourceTree = "<group>"; };
		491B9C1A26A0EF9F00F5AACC /* CategoryCell.m */ = {isa = PBXFileReference; lastKnownFileType = sourcecode.c.objc; path = CategoryCell.m; sourceTree = "<group>"; };
		4950BF20269CA355004FA5CA /* RestaurantRoulette.app */ = {isa = PBXFileReference; explicitFileType = wrapper.application; includeInIndex = 0; path = RestaurantRoulette.app; sourceTree = BUILT_PRODUCTS_DIR; };
		4950BF23269CA355004FA5CA /* AppDelegate.h */ = {isa = PBXFileReference; lastKnownFileType = sourcecode.c.h; path = AppDelegate.h; sourceTree = "<group>"; };
		4950BF24269CA355004FA5CA /* AppDelegate.m */ = {isa = PBXFileReference; lastKnownFileType = sourcecode.c.objc; path = AppDelegate.m; sourceTree = "<group>"; };
		4950BF26269CA355004FA5CA /* SceneDelegate.h */ = {isa = PBXFileReference; lastKnownFileType = sourcecode.c.h; path = SceneDelegate.h; sourceTree = "<group>"; };
		4950BF27269CA355004FA5CA /* SceneDelegate.m */ = {isa = PBXFileReference; lastKnownFileType = sourcecode.c.objc; path = SceneDelegate.m; sourceTree = "<group>"; };
		4950BF2D269CA355004FA5CA /* Base */ = {isa = PBXFileReference; lastKnownFileType = file.storyboard; name = Base; path = Base.lproj/Main.storyboard; sourceTree = "<group>"; };
		4950BF2F269CA356004FA5CA /* Assets.xcassets */ = {isa = PBXFileReference; lastKnownFileType = folder.assetcatalog; path = Assets.xcassets; sourceTree = "<group>"; };
		4950BF32269CA356004FA5CA /* Base */ = {isa = PBXFileReference; lastKnownFileType = file.storyboard; name = Base; path = Base.lproj/LaunchScreen.storyboard; sourceTree = "<group>"; };
		4950BF34269CA356004FA5CA /* Info.plist */ = {isa = PBXFileReference; lastKnownFileType = text.plist.xml; path = Info.plist; sourceTree = "<group>"; };
		4950BF35269CA356004FA5CA /* main.m */ = {isa = PBXFileReference; lastKnownFileType = sourcecode.c.objc; path = main.m; sourceTree = "<group>"; };
		4950BF3B269CA356004FA5CA /* RestaurantRouletteTests.xctest */ = {isa = PBXFileReference; explicitFileType = wrapper.cfbundle; includeInIndex = 0; path = RestaurantRouletteTests.xctest; sourceTree = BUILT_PRODUCTS_DIR; };
		4950BF3F269CA356004FA5CA /* RestaurantRouletteTests.m */ = {isa = PBXFileReference; lastKnownFileType = sourcecode.c.objc; path = RestaurantRouletteTests.m; sourceTree = "<group>"; };
		4950BF41269CA356004FA5CA /* Info.plist */ = {isa = PBXFileReference; lastKnownFileType = text.plist.xml; path = Info.plist; sourceTree = "<group>"; };
		4950BF46269CA356004FA5CA /* RestaurantRouletteUITests.xctest */ = {isa = PBXFileReference; explicitFileType = wrapper.cfbundle; includeInIndex = 0; path = RestaurantRouletteUITests.xctest; sourceTree = BUILT_PRODUCTS_DIR; };
		4950BF4A269CA356004FA5CA /* RestaurantRouletteUITests.m */ = {isa = PBXFileReference; lastKnownFileType = sourcecode.c.objc; path = RestaurantRouletteUITests.m; sourceTree = "<group>"; };
		4950BF4C269CA356004FA5CA /* Info.plist */ = {isa = PBXFileReference; lastKnownFileType = text.plist.xml; path = Info.plist; sourceTree = "<group>"; };
		4950BF5A269CBE05004FA5CA /* LoginViewController.h */ = {isa = PBXFileReference; lastKnownFileType = sourcecode.c.h; path = LoginViewController.h; sourceTree = "<group>"; };
		4950BF5B269CBE05004FA5CA /* LoginViewController.m */ = {isa = PBXFileReference; lastKnownFileType = sourcecode.c.objc; path = LoginViewController.m; sourceTree = "<group>"; };
		4950BF5D269CBE2B004FA5CA /* SignupViewController.h */ = {isa = PBXFileReference; lastKnownFileType = sourcecode.c.h; path = SignupViewController.h; sourceTree = "<group>"; };
		4950BF5E269CBE2B004FA5CA /* SignupViewController.m */ = {isa = PBXFileReference; lastKnownFileType = sourcecode.c.objc; path = SignupViewController.m; sourceTree = "<group>"; };
		4950BF60269DF9A8004FA5CA /* SelectViewController.h */ = {isa = PBXFileReference; lastKnownFileType = sourcecode.c.h; path = SelectViewController.h; sourceTree = "<group>"; };
		4950BF61269DF9A8004FA5CA /* SelectViewController.m */ = {isa = PBXFileReference; lastKnownFileType = sourcecode.c.objc; path = SelectViewController.m; sourceTree = "<group>"; };
		4950BF63269DFA7A004FA5CA /* PreferencesViewController.h */ = {isa = PBXFileReference; lastKnownFileType = sourcecode.c.h; path = PreferencesViewController.h; sourceTree = "<group>"; };
		4950BF64269DFA7A004FA5CA /* PreferencesViewController.m */ = {isa = PBXFileReference; lastKnownFileType = sourcecode.c.objc; path = PreferencesViewController.m; sourceTree = "<group>"; };
		4950BF66269E1557004FA5CA /* RestaurantsViewController.h */ = {isa = PBXFileReference; lastKnownFileType = sourcecode.c.h; path = RestaurantsViewController.h; sourceTree = "<group>"; };
		4950BF67269E1557004FA5CA /* RestaurantsViewController.m */ = {isa = PBXFileReference; lastKnownFileType = sourcecode.c.objc; path = RestaurantsViewController.m; sourceTree = "<group>"; };
		4950BF6A269E86D1004FA5CA /* RestaurantCell.h */ = {isa = PBXFileReference; lastKnownFileType = sourcecode.c.h; path = RestaurantCell.h; sourceTree = "<group>"; };
		4950BF6B269E86D1004FA5CA /* RestaurantCell.m */ = {isa = PBXFileReference; lastKnownFileType = sourcecode.c.objc; path = RestaurantCell.m; sourceTree = "<group>"; };
		4950BF6E269E89C7004FA5CA /* APIManager.m */ = {isa = PBXFileReference; lastKnownFileType = sourcecode.c.objc; path = APIManager.m; sourceTree = "<group>"; };
		4950BF70269E89E2004FA5CA /* APIManager.h */ = {isa = PBXFileReference; lastKnownFileType = sourcecode.c.h; path = APIManager.h; sourceTree = "<group>"; };
		496EBD0326A54265008AFA5E /* DetailsViewController.h */ = {isa = PBXFileReference; lastKnownFileType = sourcecode.c.h; path = DetailsViewController.h; sourceTree = "<group>"; };
		496EBD0426A54265008AFA5E /* DetailsViewController.m */ = {isa = PBXFileReference; lastKnownFileType = sourcecode.c.objc; path = DetailsViewController.m; sourceTree = "<group>"; };
		496EBD0626A5461B008AFA5E /* SpinnerViewController.h */ = {isa = PBXFileReference; lastKnownFileType = sourcecode.c.h; path = SpinnerViewController.h; sourceTree = "<group>"; };
		496EBD0726A5461B008AFA5E /* SpinnerViewController.m */ = {isa = PBXFileReference; lastKnownFileType = sourcecode.c.objc; path = SpinnerViewController.m; sourceTree = "<group>"; };
		60E3426D90C0ED2956779B7F /* Pods-RestaurantRoulette-RestaurantRouletteUITests.debug.xcconfig */ = {isa = PBXFileReference; includeInIndex = 1; lastKnownFileType = text.xcconfig; name = "Pods-RestaurantRoulette-RestaurantRouletteUITests.debug.xcconfig"; path = "Target Support Files/Pods-RestaurantRoulette-RestaurantRouletteUITests/Pods-RestaurantRoulette-RestaurantRouletteUITests.debug.xcconfig"; sourceTree = "<group>"; };
		8EF3CCC66174D19EB01DCF41 /* Pods-RestaurantRoulette.debug.xcconfig */ = {isa = PBXFileReference; includeInIndex = 1; lastKnownFileType = text.xcconfig; name = "Pods-RestaurantRoulette.debug.xcconfig"; path = "Target Support Files/Pods-RestaurantRoulette/Pods-RestaurantRoulette.debug.xcconfig"; sourceTree = "<group>"; };
		A4EF7BD6007BE349F17C765D /* Pods_RestaurantRoulette.framework */ = {isa = PBXFileReference; explicitFileType = wrapper.framework; includeInIndex = 0; path = Pods_RestaurantRoulette.framework; sourceTree = BUILT_PRODUCTS_DIR; };
		ACFB9E4A18303656BD0AC049 /* Pods-RestaurantRoulette.release.xcconfig */ = {isa = PBXFileReference; includeInIndex = 1; lastKnownFileType = text.xcconfig; name = "Pods-RestaurantRoulette.release.xcconfig"; path = "Target Support Files/Pods-RestaurantRoulette/Pods-RestaurantRoulette.release.xcconfig"; sourceTree = "<group>"; };
		D484AC8EC1A3E4B5B6657F1B /* Pods-RestaurantRouletteTests.release.xcconfig */ = {isa = PBXFileReference; includeInIndex = 1; lastKnownFileType = text.xcconfig; name = "Pods-RestaurantRouletteTests.release.xcconfig"; path = "Target Support Files/Pods-RestaurantRouletteTests/Pods-RestaurantRouletteTests.release.xcconfig"; sourceTree = "<group>"; };
		EA05EF29E1D385A0D62A1508 /* Pods-RestaurantRoulette-RestaurantRouletteUITests.release.xcconfig */ = {isa = PBXFileReference; includeInIndex = 1; lastKnownFileType = text.xcconfig; name = "Pods-RestaurantRoulette-RestaurantRouletteUITests.release.xcconfig"; path = "Target Support Files/Pods-RestaurantRoulette-RestaurantRouletteUITests/Pods-RestaurantRoulette-RestaurantRouletteUITests.release.xcconfig"; sourceTree = "<group>"; };
/* End PBXFileReference section */

/* Begin PBXFrameworksBuildPhase section */
		4950BF1D269CA355004FA5CA /* Frameworks */ = {
			isa = PBXFrameworksBuildPhase;
			buildActionMask = 2147483647;
			files = (
				85FA26B000B045D7D43A2262 /* Pods_RestaurantRoulette.framework in Frameworks */,
			);
			runOnlyForDeploymentPostprocessing = 0;
		};
		4950BF38269CA356004FA5CA /* Frameworks */ = {
			isa = PBXFrameworksBuildPhase;
			buildActionMask = 2147483647;
			files = (
				3DF183C047E7595B3243D52B /* Pods_RestaurantRouletteTests.framework in Frameworks */,
			);
			runOnlyForDeploymentPostprocessing = 0;
		};
		4950BF43269CA356004FA5CA /* Frameworks */ = {
			isa = PBXFrameworksBuildPhase;
			buildActionMask = 2147483647;
			files = (
				FC2CB2D18EE1220F1BD12E1B /* Pods_RestaurantRoulette_RestaurantRouletteUITests.framework in Frameworks */,
			);
			runOnlyForDeploymentPostprocessing = 0;
		};
/* End PBXFrameworksBuildPhase section */

/* Begin PBXGroup section */
		4950BF17269CA355004FA5CA = {
			isa = PBXGroup;
			children = (
				4950BF22269CA355004FA5CA /* RestaurantRoulette */,
				4950BF3E269CA356004FA5CA /* RestaurantRouletteTests */,
				4950BF49269CA356004FA5CA /* RestaurantRouletteUITests */,
				4950BF21269CA355004FA5CA /* Products */,
				C9E239C25F69BE5F707E48C9 /* Pods */,
				653DB2C0BAC57AEC86ACE4F5 /* Frameworks */,
			);
			sourceTree = "<group>";
		};
		4950BF21269CA355004FA5CA /* Products */ = {
			isa = PBXGroup;
			children = (
				4950BF20269CA355004FA5CA /* RestaurantRoulette.app */,
				4950BF3B269CA356004FA5CA /* RestaurantRouletteTests.xctest */,
				4950BF46269CA356004FA5CA /* RestaurantRouletteUITests.xctest */,
			);
			name = Products;
			sourceTree = "<group>";
		};
		4950BF22269CA355004FA5CA /* RestaurantRoulette */ = {
			isa = PBXGroup;
			children = (
				4950BF6D269E8980004FA5CA /* YelpAPI */,
				4950BF69269E8623004FA5CA /* Views */,
				4950BF59269CBDED004FA5CA /* View Controllers */,
				4950BF23269CA355004FA5CA /* AppDelegate.h */,
				4950BF24269CA355004FA5CA /* AppDelegate.m */,
				4950BF26269CA355004FA5CA /* SceneDelegate.h */,
				4950BF27269CA355004FA5CA /* SceneDelegate.m */,
				4950BF2C269CA355004FA5CA /* Main.storyboard */,
				4950BF2F269CA356004FA5CA /* Assets.xcassets */,
				4950BF31269CA356004FA5CA /* LaunchScreen.storyboard */,
				4950BF34269CA356004FA5CA /* Info.plist */,
				4950BF35269CA356004FA5CA /* main.m */,
			);
			path = RestaurantRoulette;
			sourceTree = "<group>";
		};
		4950BF3E269CA356004FA5CA /* RestaurantRouletteTests */ = {
			isa = PBXGroup;
			children = (
				4950BF3F269CA356004FA5CA /* RestaurantRouletteTests.m */,
				4950BF41269CA356004FA5CA /* Info.plist */,
			);
			path = RestaurantRouletteTests;
			sourceTree = "<group>";
		};
		4950BF49269CA356004FA5CA /* RestaurantRouletteUITests */ = {
			isa = PBXGroup;
			children = (
				4950BF4A269CA356004FA5CA /* RestaurantRouletteUITests.m */,
				4950BF4C269CA356004FA5CA /* Info.plist */,
			);
			path = RestaurantRouletteUITests;
			sourceTree = "<group>";
		};
		4950BF59269CBDED004FA5CA /* View Controllers */ = {
			isa = PBXGroup;
			children = (
				4950BF5A269CBE05004FA5CA /* LoginViewController.h */,
				4950BF5B269CBE05004FA5CA /* LoginViewController.m */,
				4950BF5D269CBE2B004FA5CA /* SignupViewController.h */,
				4950BF5E269CBE2B004FA5CA /* SignupViewController.m */,
				4950BF60269DF9A8004FA5CA /* SelectViewController.h */,
				4950BF61269DF9A8004FA5CA /* SelectViewController.m */,
				4950BF63269DFA7A004FA5CA /* PreferencesViewController.h */,
				4950BF64269DFA7A004FA5CA /* PreferencesViewController.m */,
				4950BF66269E1557004FA5CA /* RestaurantsViewController.h */,
				4950BF67269E1557004FA5CA /* RestaurantsViewController.m */,
				496EBD0326A54265008AFA5E /* DetailsViewController.h */,
				496EBD0426A54265008AFA5E /* DetailsViewController.m */,
				496EBD0626A5461B008AFA5E /* SpinnerViewController.h */,
				496EBD0726A5461B008AFA5E /* SpinnerViewController.m */,
			);
			path = "View Controllers";
			sourceTree = "<group>";
		};
		4950BF69269E8623004FA5CA /* Views */ = {
			isa = PBXGroup;
			children = (
				4950BF6A269E86D1004FA5CA /* RestaurantCell.h */,
				4950BF6B269E86D1004FA5CA /* RestaurantCell.m */,
				491B9C1926A0EF9F00F5AACC /* CategoryCell.h */,
				491B9C1A26A0EF9F00F5AACC /* CategoryCell.m */,
			);
			path = Views;
			sourceTree = "<group>";
		};
		4950BF6D269E8980004FA5CA /* YelpAPI */ = {
			isa = PBXGroup;
			children = (
				4950BF6E269E89C7004FA5CA /* APIManager.m */,
				4950BF70269E89E2004FA5CA /* APIManager.h */,
			);
			path = YelpAPI;
			sourceTree = "<group>";
		};
		653DB2C0BAC57AEC86ACE4F5 /* Frameworks */ = {
			isa = PBXGroup;
			children = (
				A4EF7BD6007BE349F17C765D /* Pods_RestaurantRoulette.framework */,
				0214CFAD7EF3BE1DE8A7B98E /* Pods_RestaurantRoulette_RestaurantRouletteUITests.framework */,
				086EA65FC97C6F572CB974C9 /* Pods_RestaurantRouletteTests.framework */,
			);
			name = Frameworks;
			sourceTree = "<group>";
		};
		C9E239C25F69BE5F707E48C9 /* Pods */ = {
			isa = PBXGroup;
			children = (
				8EF3CCC66174D19EB01DCF41 /* Pods-RestaurantRoulette.debug.xcconfig */,
				ACFB9E4A18303656BD0AC049 /* Pods-RestaurantRoulette.release.xcconfig */,
				60E3426D90C0ED2956779B7F /* Pods-RestaurantRoulette-RestaurantRouletteUITests.debug.xcconfig */,
				EA05EF29E1D385A0D62A1508 /* Pods-RestaurantRoulette-RestaurantRouletteUITests.release.xcconfig */,
				33369BAACC2943A321D8601B /* Pods-RestaurantRouletteTests.debug.xcconfig */,
				D484AC8EC1A3E4B5B6657F1B /* Pods-RestaurantRouletteTests.release.xcconfig */,
			);
			path = Pods;
			sourceTree = "<group>";
		};
/* End PBXGroup section */

/* Begin PBXNativeTarget section */
		4950BF1F269CA355004FA5CA /* RestaurantRoulette */ = {
			isa = PBXNativeTarget;
			buildConfigurationList = 4950BF4F269CA356004FA5CA /* Build configuration list for PBXNativeTarget "RestaurantRoulette" */;
			buildPhases = (
				D1C068863BB128F7A11F6A0D /* [CP] Check Pods Manifest.lock */,
				4950BF1C269CA355004FA5CA /* Sources */,
				4950BF1D269CA355004FA5CA /* Frameworks */,
				4950BF1E269CA355004FA5CA /* Resources */,
				8A9F170C3031EBFFE893EEFE /* [CP] Embed Pods Frameworks */,
			);
			buildRules = (
			);
			dependencies = (
			);
			name = RestaurantRoulette;
			productName = RestaurantRoulette;
			productReference = 4950BF20269CA355004FA5CA /* RestaurantRoulette.app */;
			productType = "com.apple.product-type.application";
		};
		4950BF3A269CA356004FA5CA /* RestaurantRouletteTests */ = {
			isa = PBXNativeTarget;
			buildConfigurationList = 4950BF52269CA356004FA5CA /* Build configuration list for PBXNativeTarget "RestaurantRouletteTests" */;
			buildPhases = (
				FA7D8EE1E3F2B24C025DD379 /* [CP] Check Pods Manifest.lock */,
				4950BF37269CA356004FA5CA /* Sources */,
				4950BF38269CA356004FA5CA /* Frameworks */,
				4950BF39269CA356004FA5CA /* Resources */,
			);
			buildRules = (
			);
			dependencies = (
				4950BF3D269CA356004FA5CA /* PBXTargetDependency */,
			);
			name = RestaurantRouletteTests;
			productName = RestaurantRouletteTests;
			productReference = 4950BF3B269CA356004FA5CA /* RestaurantRouletteTests.xctest */;
			productType = "com.apple.product-type.bundle.unit-test";
		};
		4950BF45269CA356004FA5CA /* RestaurantRouletteUITests */ = {
			isa = PBXNativeTarget;
			buildConfigurationList = 4950BF55269CA356004FA5CA /* Build configuration list for PBXNativeTarget "RestaurantRouletteUITests" */;
			buildPhases = (
				BF1571C2F9922A529162AAAA /* [CP] Check Pods Manifest.lock */,
				4950BF42269CA356004FA5CA /* Sources */,
				4950BF43269CA356004FA5CA /* Frameworks */,
				4950BF44269CA356004FA5CA /* Resources */,
				32B81E5AEF8F60824E68AA4D /* [CP] Embed Pods Frameworks */,
			);
			buildRules = (
			);
			dependencies = (
				4950BF48269CA356004FA5CA /* PBXTargetDependency */,
			);
			name = RestaurantRouletteUITests;
			productName = RestaurantRouletteUITests;
			productReference = 4950BF46269CA356004FA5CA /* RestaurantRouletteUITests.xctest */;
			productType = "com.apple.product-type.bundle.ui-testing";
		};
/* End PBXNativeTarget section */

/* Begin PBXProject section */
		4950BF18269CA355004FA5CA /* Project object */ = {
			isa = PBXProject;
			attributes = {
				LastUpgradeCheck = 1250;
				TargetAttributes = {
					4950BF1F269CA355004FA5CA = {
						CreatedOnToolsVersion = 12.5.1;
					};
					4950BF3A269CA356004FA5CA = {
						CreatedOnToolsVersion = 12.5.1;
						TestTargetID = 4950BF1F269CA355004FA5CA;
					};
					4950BF45269CA356004FA5CA = {
						CreatedOnToolsVersion = 12.5.1;
						TestTargetID = 4950BF1F269CA355004FA5CA;
					};
				};
			};
			buildConfigurationList = 4950BF1B269CA355004FA5CA /* Build configuration list for PBXProject "RestaurantRoulette" */;
			compatibilityVersion = "Xcode 9.3";
			developmentRegion = en;
			hasScannedForEncodings = 0;
			knownRegions = (
				en,
				Base,
			);
			mainGroup = 4950BF17269CA355004FA5CA;
			productRefGroup = 4950BF21269CA355004FA5CA /* Products */;
			projectDirPath = "";
			projectRoot = "";
			targets = (
				4950BF1F269CA355004FA5CA /* RestaurantRoulette */,
				4950BF3A269CA356004FA5CA /* RestaurantRouletteTests */,
				4950BF45269CA356004FA5CA /* RestaurantRouletteUITests */,
			);
		};
/* End PBXProject section */

/* Begin PBXResourcesBuildPhase section */
		4950BF1E269CA355004FA5CA /* Resources */ = {
			isa = PBXResourcesBuildPhase;
			buildActionMask = 2147483647;
			files = (
				4950BF33269CA356004FA5CA /* LaunchScreen.storyboard in Resources */,
				4950BF30269CA356004FA5CA /* Assets.xcassets in Resources */,
				4950BF2E269CA355004FA5CA /* Main.storyboard in Resources */,
			);
			runOnlyForDeploymentPostprocessing = 0;
		};
		4950BF39269CA356004FA5CA /* Resources */ = {
			isa = PBXResourcesBuildPhase;
			buildActionMask = 2147483647;
			files = (
			);
			runOnlyForDeploymentPostprocessing = 0;
		};
		4950BF44269CA356004FA5CA /* Resources */ = {
			isa = PBXResourcesBuildPhase;
			buildActionMask = 2147483647;
			files = (
			);
			runOnlyForDeploymentPostprocessing = 0;
		};
/* End PBXResourcesBuildPhase section */

/* Begin PBXShellScriptBuildPhase section */
		32B81E5AEF8F60824E68AA4D /* [CP] Embed Pods Frameworks */ = {
			isa = PBXShellScriptBuildPhase;
			buildActionMask = 2147483647;
			files = (
			);
			inputFileListPaths = (
				"${PODS_ROOT}/Target Support Files/Pods-RestaurantRoulette-RestaurantRouletteUITests/Pods-RestaurantRoulette-RestaurantRouletteUITests-frameworks-${CONFIGURATION}-input-files.xcfilelist",
			);
			name = "[CP] Embed Pods Frameworks";
			outputFileListPaths = (
				"${PODS_ROOT}/Target Support Files/Pods-RestaurantRoulette-RestaurantRouletteUITests/Pods-RestaurantRoulette-RestaurantRouletteUITests-frameworks-${CONFIGURATION}-output-files.xcfilelist",
			);
			runOnlyForDeploymentPostprocessing = 0;
			shellPath = /bin/sh;
			shellScript = "\"${PODS_ROOT}/Target Support Files/Pods-RestaurantRoulette-RestaurantRouletteUITests/Pods-RestaurantRoulette-RestaurantRouletteUITests-frameworks.sh\"\n";
			showEnvVarsInLog = 0;
		};
		8A9F170C3031EBFFE893EEFE /* [CP] Embed Pods Frameworks */ = {
			isa = PBXShellScriptBuildPhase;
			buildActionMask = 2147483647;
			files = (
			);
			inputFileListPaths = (
				"${PODS_ROOT}/Target Support Files/Pods-RestaurantRoulette/Pods-RestaurantRoulette-frameworks-${CONFIGURATION}-input-files.xcfilelist",
			);
			name = "[CP] Embed Pods Frameworks";
			outputFileListPaths = (
				"${PODS_ROOT}/Target Support Files/Pods-RestaurantRoulette/Pods-RestaurantRoulette-frameworks-${CONFIGURATION}-output-files.xcfilelist",
			);
			runOnlyForDeploymentPostprocessing = 0;
			shellPath = /bin/sh;
			shellScript = "\"${PODS_ROOT}/Target Support Files/Pods-RestaurantRoulette/Pods-RestaurantRoulette-frameworks.sh\"\n";
			showEnvVarsInLog = 0;
		};
		BF1571C2F9922A529162AAAA /* [CP] Check Pods Manifest.lock */ = {
			isa = PBXShellScriptBuildPhase;
			buildActionMask = 2147483647;
			files = (
			);
			inputFileListPaths = (
			);
			inputPaths = (
				"${PODS_PODFILE_DIR_PATH}/Podfile.lock",
				"${PODS_ROOT}/Manifest.lock",
			);
			name = "[CP] Check Pods Manifest.lock";
			outputFileListPaths = (
			);
			outputPaths = (
				"$(DERIVED_FILE_DIR)/Pods-RestaurantRoulette-RestaurantRouletteUITests-checkManifestLockResult.txt",
			);
			runOnlyForDeploymentPostprocessing = 0;
			shellPath = /bin/sh;
			shellScript = "diff \"${PODS_PODFILE_DIR_PATH}/Podfile.lock\" \"${PODS_ROOT}/Manifest.lock\" > /dev/null\nif [ $? != 0 ] ; then\n    # print error to STDERR\n    echo \"error: The sandbox is not in sync with the Podfile.lock. Run 'pod install' or update your CocoaPods installation.\" >&2\n    exit 1\nfi\n# This output is used by Xcode 'outputs' to avoid re-running this script phase.\necho \"SUCCESS\" > \"${SCRIPT_OUTPUT_FILE_0}\"\n";
			showEnvVarsInLog = 0;
		};
		D1C068863BB128F7A11F6A0D /* [CP] Check Pods Manifest.lock */ = {
			isa = PBXShellScriptBuildPhase;
			buildActionMask = 2147483647;
			files = (
			);
			inputFileListPaths = (
			);
			inputPaths = (
				"${PODS_PODFILE_DIR_PATH}/Podfile.lock",
				"${PODS_ROOT}/Manifest.lock",
			);
			name = "[CP] Check Pods Manifest.lock";
			outputFileListPaths = (
			);
			outputPaths = (
				"$(DERIVED_FILE_DIR)/Pods-RestaurantRoulette-checkManifestLockResult.txt",
			);
			runOnlyForDeploymentPostprocessing = 0;
			shellPath = /bin/sh;
			shellScript = "diff \"${PODS_PODFILE_DIR_PATH}/Podfile.lock\" \"${PODS_ROOT}/Manifest.lock\" > /dev/null\nif [ $? != 0 ] ; then\n    # print error to STDERR\n    echo \"error: The sandbox is not in sync with the Podfile.lock. Run 'pod install' or update your CocoaPods installation.\" >&2\n    exit 1\nfi\n# This output is used by Xcode 'outputs' to avoid re-running this script phase.\necho \"SUCCESS\" > \"${SCRIPT_OUTPUT_FILE_0}\"\n";
			showEnvVarsInLog = 0;
		};
		FA7D8EE1E3F2B24C025DD379 /* [CP] Check Pods Manifest.lock */ = {
			isa = PBXShellScriptBuildPhase;
			buildActionMask = 2147483647;
			files = (
			);
			inputFileListPaths = (
			);
			inputPaths = (
				"${PODS_PODFILE_DIR_PATH}/Podfile.lock",
				"${PODS_ROOT}/Manifest.lock",
			);
			name = "[CP] Check Pods Manifest.lock";
			outputFileListPaths = (
			);
			outputPaths = (
				"$(DERIVED_FILE_DIR)/Pods-RestaurantRouletteTests-checkManifestLockResult.txt",
			);
			runOnlyForDeploymentPostprocessing = 0;
			shellPath = /bin/sh;
			shellScript = "diff \"${PODS_PODFILE_DIR_PATH}/Podfile.lock\" \"${PODS_ROOT}/Manifest.lock\" > /dev/null\nif [ $? != 0 ] ; then\n    # print error to STDERR\n    echo \"error: The sandbox is not in sync with the Podfile.lock. Run 'pod install' or update your CocoaPods installation.\" >&2\n    exit 1\nfi\n# This output is used by Xcode 'outputs' to avoid re-running this script phase.\necho \"SUCCESS\" > \"${SCRIPT_OUTPUT_FILE_0}\"\n";
			showEnvVarsInLog = 0;
		};
/* End PBXShellScriptBuildPhase section */

/* Begin PBXSourcesBuildPhase section */
		4950BF1C269CA355004FA5CA /* Sources */ = {
			isa = PBXSourcesBuildPhase;
			buildActionMask = 2147483647;
			files = (
				4950BF62269DF9A8004FA5CA /* SelectViewController.m in Sources */,
				4950BF68269E1557004FA5CA /* RestaurantsViewController.m in Sources */,
				4950BF6F269E89C7004FA5CA /* APIManager.m in Sources */,
				496EBD0826A5461B008AFA5E /* SpinnerViewController.m in Sources */,
				496EBD0526A54265008AFA5E /* DetailsViewController.m in Sources */,
				4950BF6C269E86D1004FA5CA /* RestaurantCell.m in Sources */,
				4950BF5C269CBE05004FA5CA /* LoginViewController.m in Sources */,
				4950BF25269CA355004FA5CA /* AppDelegate.m in Sources */,
				4950BF36269CA356004FA5CA /* main.m in Sources */,
				491B9C1B26A0EF9F00F5AACC /* CategoryCell.m in Sources */,
				4950BF28269CA355004FA5CA /* SceneDelegate.m in Sources */,
				4950BF65269DFA7A004FA5CA /* PreferencesViewController.m in Sources */,
				4950BF5F269CBE2B004FA5CA /* SignupViewController.m in Sources */,
			);
			runOnlyForDeploymentPostprocessing = 0;
		};
		4950BF37269CA356004FA5CA /* Sources */ = {
			isa = PBXSourcesBuildPhase;
			buildActionMask = 2147483647;
			files = (
				4950BF40269CA356004FA5CA /* RestaurantRouletteTests.m in Sources */,
			);
			runOnlyForDeploymentPostprocessing = 0;
		};
		4950BF42269CA356004FA5CA /* Sources */ = {
			isa = PBXSourcesBuildPhase;
			buildActionMask = 2147483647;
			files = (
				4950BF4B269CA356004FA5CA /* RestaurantRouletteUITests.m in Sources */,
			);
			runOnlyForDeploymentPostprocessing = 0;
		};
/* End PBXSourcesBuildPhase section */

/* Begin PBXTargetDependency section */
		4950BF3D269CA356004FA5CA /* PBXTargetDependency */ = {
			isa = PBXTargetDependency;
			target = 4950BF1F269CA355004FA5CA /* RestaurantRoulette */;
			targetProxy = 4950BF3C269CA356004FA5CA /* PBXContainerItemProxy */;
		};
		4950BF48269CA356004FA5CA /* PBXTargetDependency */ = {
			isa = PBXTargetDependency;
			target = 4950BF1F269CA355004FA5CA /* RestaurantRoulette */;
			targetProxy = 4950BF47269CA356004FA5CA /* PBXContainerItemProxy */;
		};
/* End PBXTargetDependency section */

/* Begin PBXVariantGroup section */
		4950BF2C269CA355004FA5CA /* Main.storyboard */ = {
			isa = PBXVariantGroup;
			children = (
				4950BF2D269CA355004FA5CA /* Base */,
			);
			name = Main.storyboard;
			sourceTree = "<group>";
		};
		4950BF31269CA356004FA5CA /* LaunchScreen.storyboard */ = {
			isa = PBXVariantGroup;
			children = (
				4950BF32269CA356004FA5CA /* Base */,
			);
			name = LaunchScreen.storyboard;
			sourceTree = "<group>";
		};
/* End PBXVariantGroup section */

/* Begin XCBuildConfiguration section */
		4950BF4D269CA356004FA5CA /* Debug */ = {
			isa = XCBuildConfiguration;
			buildSettings = {
				ALWAYS_SEARCH_USER_PATHS = NO;
				CLANG_ANALYZER_NONNULL = YES;
				CLANG_ANALYZER_NUMBER_OBJECT_CONVERSION = YES_AGGRESSIVE;
				CLANG_CXX_LANGUAGE_STANDARD = "gnu++14";
				CLANG_CXX_LIBRARY = "libc++";
				CLANG_ENABLE_MODULES = YES;
				CLANG_ENABLE_OBJC_ARC = YES;
				CLANG_ENABLE_OBJC_WEAK = YES;
				CLANG_WARN_BLOCK_CAPTURE_AUTORELEASING = YES;
				CLANG_WARN_BOOL_CONVERSION = YES;
				CLANG_WARN_COMMA = YES;
				CLANG_WARN_CONSTANT_CONVERSION = YES;
				CLANG_WARN_DEPRECATED_OBJC_IMPLEMENTATIONS = YES;
				CLANG_WARN_DIRECT_OBJC_ISA_USAGE = YES_ERROR;
				CLANG_WARN_DOCUMENTATION_COMMENTS = YES;
				CLANG_WARN_EMPTY_BODY = YES;
				CLANG_WARN_ENUM_CONVERSION = YES;
				CLANG_WARN_INFINITE_RECURSION = YES;
				CLANG_WARN_INT_CONVERSION = YES;
				CLANG_WARN_NON_LITERAL_NULL_CONVERSION = YES;
				CLANG_WARN_OBJC_IMPLICIT_RETAIN_SELF = YES;
				CLANG_WARN_OBJC_LITERAL_CONVERSION = YES;
				CLANG_WARN_OBJC_ROOT_CLASS = YES_ERROR;
				CLANG_WARN_QUOTED_INCLUDE_IN_FRAMEWORK_HEADER = YES;
				CLANG_WARN_RANGE_LOOP_ANALYSIS = YES;
				CLANG_WARN_STRICT_PROTOTYPES = YES;
				CLANG_WARN_SUSPICIOUS_MOVE = YES;
				CLANG_WARN_UNGUARDED_AVAILABILITY = YES_AGGRESSIVE;
				CLANG_WARN_UNREACHABLE_CODE = YES;
				CLANG_WARN__DUPLICATE_METHOD_MATCH = YES;
				COPY_PHASE_STRIP = NO;
				DEBUG_INFORMATION_FORMAT = dwarf;
				ENABLE_STRICT_OBJC_MSGSEND = YES;
				ENABLE_TESTABILITY = YES;
				GCC_C_LANGUAGE_STANDARD = gnu11;
				GCC_DYNAMIC_NO_PIC = NO;
				GCC_NO_COMMON_BLOCKS = YES;
				GCC_OPTIMIZATION_LEVEL = 0;
				GCC_PREPROCESSOR_DEFINITIONS = (
					"DEBUG=1",
					"$(inherited)",
				);
				GCC_WARN_64_TO_32_BIT_CONVERSION = YES;
				GCC_WARN_ABOUT_RETURN_TYPE = YES_ERROR;
				GCC_WARN_UNDECLARED_SELECTOR = YES;
				GCC_WARN_UNINITIALIZED_AUTOS = YES_AGGRESSIVE;
				GCC_WARN_UNUSED_FUNCTION = YES;
				GCC_WARN_UNUSED_VARIABLE = YES;
				IPHONEOS_DEPLOYMENT_TARGET = 14.5;
				MTL_ENABLE_DEBUG_INFO = INCLUDE_SOURCE;
				MTL_FAST_MATH = YES;
				ONLY_ACTIVE_ARCH = YES;
				SDKROOT = iphoneos;
			};
			name = Debug;
		};
		4950BF4E269CA356004FA5CA /* Release */ = {
			isa = XCBuildConfiguration;
			buildSettings = {
				ALWAYS_SEARCH_USER_PATHS = NO;
				CLANG_ANALYZER_NONNULL = YES;
				CLANG_ANALYZER_NUMBER_OBJECT_CONVERSION = YES_AGGRESSIVE;
				CLANG_CXX_LANGUAGE_STANDARD = "gnu++14";
				CLANG_CXX_LIBRARY = "libc++";
				CLANG_ENABLE_MODULES = YES;
				CLANG_ENABLE_OBJC_ARC = YES;
				CLANG_ENABLE_OBJC_WEAK = YES;
				CLANG_WARN_BLOCK_CAPTURE_AUTORELEASING = YES;
				CLANG_WARN_BOOL_CONVERSION = YES;
				CLANG_WARN_COMMA = YES;
				CLANG_WARN_CONSTANT_CONVERSION = YES;
				CLANG_WARN_DEPRECATED_OBJC_IMPLEMENTATIONS = YES;
				CLANG_WARN_DIRECT_OBJC_ISA_USAGE = YES_ERROR;
				CLANG_WARN_DOCUMENTATION_COMMENTS = YES;
				CLANG_WARN_EMPTY_BODY = YES;
				CLANG_WARN_ENUM_CONVERSION = YES;
				CLANG_WARN_INFINITE_RECURSION = YES;
				CLANG_WARN_INT_CONVERSION = YES;
				CLANG_WARN_NON_LITERAL_NULL_CONVERSION = YES;
				CLANG_WARN_OBJC_IMPLICIT_RETAIN_SELF = YES;
				CLANG_WARN_OBJC_LITERAL_CONVERSION = YES;
				CLANG_WARN_OBJC_ROOT_CLASS = YES_ERROR;
				CLANG_WARN_QUOTED_INCLUDE_IN_FRAMEWORK_HEADER = YES;
				CLANG_WARN_RANGE_LOOP_ANALYSIS = YES;
				CLANG_WARN_STRICT_PROTOTYPES = YES;
				CLANG_WARN_SUSPICIOUS_MOVE = YES;
				CLANG_WARN_UNGUARDED_AVAILABILITY = YES_AGGRESSIVE;
				CLANG_WARN_UNREACHABLE_CODE = YES;
				CLANG_WARN__DUPLICATE_METHOD_MATCH = YES;
				COPY_PHASE_STRIP = NO;
				DEBUG_INFORMATION_FORMAT = "dwarf-with-dsym";
				ENABLE_NS_ASSERTIONS = NO;
				ENABLE_STRICT_OBJC_MSGSEND = YES;
				GCC_C_LANGUAGE_STANDARD = gnu11;
				GCC_NO_COMMON_BLOCKS = YES;
				GCC_WARN_64_TO_32_BIT_CONVERSION = YES;
				GCC_WARN_ABOUT_RETURN_TYPE = YES_ERROR;
				GCC_WARN_UNDECLARED_SELECTOR = YES;
				GCC_WARN_UNINITIALIZED_AUTOS = YES_AGGRESSIVE;
				GCC_WARN_UNUSED_FUNCTION = YES;
				GCC_WARN_UNUSED_VARIABLE = YES;
				IPHONEOS_DEPLOYMENT_TARGET = 14.5;
				MTL_ENABLE_DEBUG_INFO = NO;
				MTL_FAST_MATH = YES;
				SDKROOT = iphoneos;
				VALIDATE_PRODUCT = YES;
			};
			name = Release;
		};
		4950BF50269CA356004FA5CA /* Debug */ = {
			isa = XCBuildConfiguration;
			baseConfigurationReference = 8EF3CCC66174D19EB01DCF41 /* Pods-RestaurantRoulette.debug.xcconfig */;
			buildSettings = {
				ASSETCATALOG_COMPILER_APPICON_NAME = AppIcon;
				ASSETCATALOG_COMPILER_GLOBAL_ACCENT_COLOR_NAME = AccentColor;
				CODE_SIGN_STYLE = Automatic;
				DEVELOPMENT_TEAM = Y8Z6A555QR;
				INFOPLIST_FILE = RestaurantRoulette/Info.plist;
				LD_RUNPATH_SEARCH_PATHS = (
					"$(inherited)",
					"@executable_path/Frameworks",
				);
				PRODUCT_BUNDLE_IDENTIFIER = com.rutvims.RestaurantRoulette;
				PRODUCT_NAME = "$(TARGET_NAME)";
				TARGETED_DEVICE_FAMILY = "1,2";
			};
			name = Debug;
		};
		4950BF51269CA356004FA5CA /* Release */ = {
			isa = XCBuildConfiguration;
			baseConfigurationReference = ACFB9E4A18303656BD0AC049 /* Pods-RestaurantRoulette.release.xcconfig */;
			buildSettings = {
				ASSETCATALOG_COMPILER_APPICON_NAME = AppIcon;
				ASSETCATALOG_COMPILER_GLOBAL_ACCENT_COLOR_NAME = AccentColor;
				CODE_SIGN_STYLE = Automatic;
				DEVELOPMENT_TEAM = Y8Z6A555QR;
				INFOPLIST_FILE = RestaurantRoulette/Info.plist;
				LD_RUNPATH_SEARCH_PATHS = (
					"$(inherited)",
					"@executable_path/Frameworks",
				);
				PRODUCT_BUNDLE_IDENTIFIER = com.rutvims.RestaurantRoulette;
				PRODUCT_NAME = "$(TARGET_NAME)";
				TARGETED_DEVICE_FAMILY = "1,2";
			};
			name = Release;
		};
		4950BF53269CA356004FA5CA /* Debug */ = {
			isa = XCBuildConfiguration;
			baseConfigurationReference = 33369BAACC2943A321D8601B /* Pods-RestaurantRouletteTests.debug.xcconfig */;
			buildSettings = {
				BUNDLE_LOADER = "$(TEST_HOST)";
				CODE_SIGN_STYLE = Automatic;
				DEVELOPMENT_TEAM = Y8Z6A555QR;
				INFOPLIST_FILE = RestaurantRouletteTests/Info.plist;
				IPHONEOS_DEPLOYMENT_TARGET = 14.5;
				LD_RUNPATH_SEARCH_PATHS = (
					"$(inherited)",
					"@executable_path/Frameworks",
					"@loader_path/Frameworks",
				);
				PRODUCT_BUNDLE_IDENTIFIER = com.rutvims.RestaurantRouletteTests;
				PRODUCT_NAME = "$(TARGET_NAME)";
				TARGETED_DEVICE_FAMILY = "1,2";
				TEST_HOST = "$(BUILT_PRODUCTS_DIR)/RestaurantRoulette.app/RestaurantRoulette";
			};
			name = Debug;
		};
		4950BF54269CA356004FA5CA /* Release */ = {
			isa = XCBuildConfiguration;
			baseConfigurationReference = D484AC8EC1A3E4B5B6657F1B /* Pods-RestaurantRouletteTests.release.xcconfig */;
			buildSettings = {
				BUNDLE_LOADER = "$(TEST_HOST)";
				CODE_SIGN_STYLE = Automatic;
				DEVELOPMENT_TEAM = Y8Z6A555QR;
				INFOPLIST_FILE = RestaurantRouletteTests/Info.plist;
				IPHONEOS_DEPLOYMENT_TARGET = 14.5;
				LD_RUNPATH_SEARCH_PATHS = (
					"$(inherited)",
					"@executable_path/Frameworks",
					"@loader_path/Frameworks",
				);
				PRODUCT_BUNDLE_IDENTIFIER = com.rutvims.RestaurantRouletteTests;
				PRODUCT_NAME = "$(TARGET_NAME)";
				TARGETED_DEVICE_FAMILY = "1,2";
				TEST_HOST = "$(BUILT_PRODUCTS_DIR)/RestaurantRoulette.app/RestaurantRoulette";
			};
			name = Release;
		};
		4950BF56269CA356004FA5CA /* Debug */ = {
			isa = XCBuildConfiguration;
			baseConfigurationReference = 60E3426D90C0ED2956779B7F /* Pods-RestaurantRoulette-RestaurantRouletteUITests.debug.xcconfig */;
			buildSettings = {
				CODE_SIGN_STYLE = Automatic;
				DEVELOPMENT_TEAM = Y8Z6A555QR;
				INFOPLIST_FILE = RestaurantRouletteUITests/Info.plist;
				LD_RUNPATH_SEARCH_PATHS = (
					"$(inherited)",
					"@executable_path/Frameworks",
					"@loader_path/Frameworks",
				);
				PRODUCT_BUNDLE_IDENTIFIER = com.rutvims.RestaurantRouletteUITests;
				PRODUCT_NAME = "$(TARGET_NAME)";
				TARGETED_DEVICE_FAMILY = "1,2";
				TEST_TARGET_NAME = RestaurantRoulette;
			};
			name = Debug;
		};
		4950BF57269CA356004FA5CA /* Release */ = {
			isa = XCBuildConfiguration;
			baseConfigurationReference = EA05EF29E1D385A0D62A1508 /* Pods-RestaurantRoulette-RestaurantRouletteUITests.release.xcconfig */;
			buildSettings = {
				CODE_SIGN_STYLE = Automatic;
				DEVELOPMENT_TEAM = Y8Z6A555QR;
				INFOPLIST_FILE = RestaurantRouletteUITests/Info.plist;
				LD_RUNPATH_SEARCH_PATHS = (
					"$(inherited)",
					"@executable_path/Frameworks",
					"@loader_path/Frameworks",
				);
				PRODUCT_BUNDLE_IDENTIFIER = com.rutvims.RestaurantRouletteUITests;
				PRODUCT_NAME = "$(TARGET_NAME)";
				TARGETED_DEVICE_FAMILY = "1,2";
				TEST_TARGET_NAME = RestaurantRoulette;
			};
			name = Release;
		};
/* End XCBuildConfiguration section */

/* Begin XCConfigurationList section */
		4950BF1B269CA355004FA5CA /* Build configuration list for PBXProject "RestaurantRoulette" */ = {
			isa = XCConfigurationList;
			buildConfigurations = (
				4950BF4D269CA356004FA5CA /* Debug */,
				4950BF4E269CA356004FA5CA /* Release */,
			);
			defaultConfigurationIsVisible = 0;
			defaultConfigurationName = Release;
		};
		4950BF4F269CA356004FA5CA /* Build configuration list for PBXNativeTarget "RestaurantRoulette" */ = {
			isa = XCConfigurationList;
			buildConfigurations = (
				4950BF50269CA356004FA5CA /* Debug */,
				4950BF51269CA356004FA5CA /* Release */,
			);
			defaultConfigurationIsVisible = 0;
			defaultConfigurationName = Release;
		};
		4950BF52269CA356004FA5CA /* Build configuration list for PBXNativeTarget "RestaurantRouletteTests" */ = {
			isa = XCConfigurationList;
			buildConfigurations = (
				4950BF53269CA356004FA5CA /* Debug */,
				4950BF54269CA356004FA5CA /* Release */,
			);
			defaultConfigurationIsVisible = 0;
			defaultConfigurationName = Release;
		};
		4950BF55269CA356004FA5CA /* Build configuration list for PBXNativeTarget "RestaurantRouletteUITests" */ = {
			isa = XCConfigurationList;
			buildConfigurations = (
				4950BF56269CA356004FA5CA /* Debug */,
				4950BF57269CA356004FA5CA /* Release */,
			);
			defaultConfigurationIsVisible = 0;
			defaultConfigurationName = Release;
		};
/* End XCConfigurationList section */
	};
	rootObject = 4950BF18269CA355004FA5CA /* Project object */;
}
